// !$*UTF8*$!
{
	archiveVersion = 1;
	classes = {
	};
	objectVersion = 46;
	objects = {

/* Begin PBXBuildFile section */
		D4B599C01CE02FF80071D7FC /* main.m in Sources */ = {isa = PBXBuildFile; fileRef = D4B599BF1CE02FF80071D7FC /* main.m */; };
		D4B599C31CE02FF80071D7FC /* AppDelegate.m in Sources */ = {isa = PBXBuildFile; fileRef = D4B599C21CE02FF80071D7FC /* AppDelegate.m */; };
		D4B599C61CE02FF80071D7FC /* FirstViewController.m in Sources */ = {isa = PBXBuildFile; fileRef = D4B599C51CE02FF80071D7FC /* FirstViewController.m */; };
		D4B599C91CE02FF80071D7FC /* SecondViewController.m in Sources */ = {isa = PBXBuildFile; fileRef = D4B599C81CE02FF80071D7FC /* SecondViewController.m */; };
		D4B599CC1CE02FF80071D7FC /* Main.storyboard in Resources */ = {isa = PBXBuildFile; fileRef = D4B599CA1CE02FF80071D7FC /* Main.storyboard */; };
		D4B599CE1CE02FF80071D7FC /* Assets.xcassets in Resources */ = {isa = PBXBuildFile; fileRef = D4B599CD1CE02FF80071D7FC /* Assets.xcassets */; };
		D4B599D11CE02FF80071D7FC /* LaunchScreen.storyboard in Resources */ = {isa = PBXBuildFile; fileRef = D4B599CF1CE02FF80071D7FC /* LaunchScreen.storyboard */; };
		D4B599DC1CE02FF80071D7FC /* CollectionViewDemo1Tests.m in Sources */ = {isa = PBXBuildFile; fileRef = D4B599DB1CE02FF80071D7FC /* CollectionViewDemo1Tests.m */; };
		D4B599E71CE02FF80071D7FC /* CollectionViewDemo1UITests.m in Sources */ = {isa = PBXBuildFile; fileRef = D4B599E61CE02FF80071D7FC /* CollectionViewDemo1UITests.m */; };
		D4B599F71CE0306D0071D7FC /* MyCustoumFlowLayout.m in Sources */ = {isa = PBXBuildFile; fileRef = D4B599F61CE0306D0071D7FC /* MyCustoumFlowLayout.m */; };
		D4B599FA1CE05C4A0071D7FC /* XJFlowLayout.m in Sources */ = {isa = PBXBuildFile; fileRef = D4B599F91CE05C4A0071D7FC /* XJFlowLayout.m */; };
		D4B599FD1CE0A0B30071D7FC /* XJFlowLayout2.m in Sources */ = {isa = PBXBuildFile; fileRef = D4B599FC1CE0A0B30071D7FC /* XJFlowLayout2.m */; };
/* End PBXBuildFile section */

/* Begin PBXContainerItemProxy section */
		D4B599D81CE02FF80071D7FC /* PBXContainerItemProxy */ = {
			isa = PBXContainerItemProxy;
			containerPortal = D4B599B31CE02FF80071D7FC /* Project object */;
			proxyType = 1;
			remoteGlobalIDString = D4B599BA1CE02FF80071D7FC;
			remoteInfo = CollectionViewDemo1;
		};
		D4B599E31CE02FF80071D7FC /* PBXContainerItemProxy */ = {
			isa = PBXContainerItemProxy;
			containerPortal = D4B599B31CE02FF80071D7FC /* Project object */;
			proxyType = 1;
			remoteGlobalIDString = D4B599BA1CE02FF80071D7FC;
			remoteInfo = CollectionViewDemo1;
		};
/* End PBXContainerItemProxy section */

/* Begin PBXFileReference section */
		D4B599BB1CE02FF80071D7FC /* CollectionViewDemo1.app */ = {isa = PBXFileReference; explicitFileType = wrapper.application; includeInIndex = 0; path = CollectionViewDemo1.app; sourceTree = BUILT_PRODUCTS_DIR; };
		D4B599BF1CE02FF80071D7FC /* main.m */ = {isa = PBXFileReference; lastKnownFileType = sourcecode.c.objc; path = main.m; sourceTree = "<group>"; };
		D4B599C11CE02FF80071D7FC /* AppDelegate.h */ = {isa = PBXFileReference; lastKnownFileType = sourcecode.c.h; path = AppDelegate.h; sourceTree = "<group>"; };
		D4B599C21CE02FF80071D7FC /* AppDelegate.m */ = {isa = PBXFileReference; lastKnownFileType = sourcecode.c.objc; path = AppDelegate.m; sourceTree = "<group>"; };
		D4B599C41CE02FF80071D7FC /* FirstViewController.h */ = {isa = PBXFileReference; lastKnownFileType = sourcecode.c.h; path = FirstViewController.h; sourceTree = "<group>"; };
		D4B599C51CE02FF80071D7FC /* FirstViewController.m */ = {isa = PBXFileReference; lastKnownFileType = sourcecode.c.objc; path = FirstViewController.m; sourceTree = "<group>"; };
		D4B599C71CE02FF80071D7FC /* SecondViewController.h */ = {isa = PBXFileReference; lastKnownFileType = sourcecode.c.h; path = SecondViewController.h; sourceTree = "<group>"; };
		D4B599C81CE02FF80071D7FC /* SecondViewController.m */ = {isa = PBXFileReference; lastKnownFileType = sourcecode.c.objc; path = SecondViewController.m; sourceTree = "<group>"; };
		D4B599CB1CE02FF80071D7FC /* Base */ = {isa = PBXFileReference; lastKnownFileType = file.storyboard; name = Base; path = Base.lproj/Main.storyboard; sourceTree = "<group>"; };
		D4B599CD1CE02FF80071D7FC /* Assets.xcassets */ = {isa = PBXFileReference; lastKnownFileType = folder.assetcatalog; path = Assets.xcassets; sourceTree = "<group>"; };
		D4B599D01CE02FF80071D7FC /* Base */ = {isa = PBXFileReference; lastKnownFileType = file.storyboard; name = Base; path = Base.lproj/LaunchScreen.storyboard; sourceTree = "<group>"; };
		D4B599D21CE02FF80071D7FC /* Info.plist */ = {isa = PBXFileReference; lastKnownFileType = text.plist.xml; path = Info.plist; sourceTree = "<group>"; };
		D4B599D71CE02FF80071D7FC /* CollectionViewDemo1Tests.xctest */ = {isa = PBXFileReference; explicitFileType = wrapper.cfbundle; includeInIndex = 0; path = CollectionViewDemo1Tests.xctest; sourceTree = BUILT_PRODUCTS_DIR; };
		D4B599DB1CE02FF80071D7FC /* CollectionViewDemo1Tests.m */ = {isa = PBXFileReference; lastKnownFileType = sourcecode.c.objc; path = CollectionViewDemo1Tests.m; sourceTree = "<group>"; };
		D4B599DD1CE02FF80071D7FC /* Info.plist */ = {isa = PBXFileReference; lastKnownFileType = text.plist.xml; path = Info.plist; sourceTree = "<group>"; };
		D4B599E21CE02FF80071D7FC /* CollectionViewDemo1UITests.xctest */ = {isa = PBXFileReference; explicitFileType = wrapper.cfbundle; includeInIndex = 0; path = CollectionViewDemo1UITests.xctest; sourceTree = BUILT_PRODUCTS_DIR; };
		D4B599E61CE02FF80071D7FC /* CollectionViewDemo1UITests.m */ = {isa = PBXFileReference; lastKnownFileType = sourcecode.c.objc; path = CollectionViewDemo1UITests.m; sourceTree = "<group>"; };
		D4B599E81CE02FF80071D7FC /* Info.plist */ = {isa = PBXFileReference; lastKnownFileType = text.plist.xml; path = Info.plist; sourceTree = "<group>"; };
		D4B599F51CE0306D0071D7FC /* MyCustoumFlowLayout.h */ = {isa = PBXFileReference; fileEncoding = 4; lastKnownFileType = sourcecode.c.h; path = MyCustoumFlowLayout.h; sourceTree = "<group>"; };
		D4B599F61CE0306D0071D7FC /* MyCustoumFlowLayout.m */ = {isa = PBXFileReference; fileEncoding = 4; lastKnownFileType = sourcecode.c.objc; path = MyCustoumFlowLayout.m; sourceTree = "<group>"; };
		D4B599F81CE05C4A0071D7FC /* XJFlowLayout.h */ = {isa = PBXFileReference; fileEncoding = 4; lastKnownFileType = sourcecode.c.h; path = XJFlowLayout.h; sourceTree = "<group>"; };
		D4B599F91CE05C4A0071D7FC /* XJFlowLayout.m */ = {isa = PBXFileReference; fileEncoding = 4; lastKnownFileType = sourcecode.c.objc; path = XJFlowLayout.m; sourceTree = "<group>"; };
		D4B599FB1CE0A0B30071D7FC /* XJFlowLayout2.h */ = {isa = PBXFileReference; fileEncoding = 4; lastKnownFileType = sourcecode.c.h; path = XJFlowLayout2.h; sourceTree = "<group>"; };
		D4B599FC1CE0A0B30071D7FC /* XJFlowLayout2.m */ = {isa = PBXFileReference; fileEncoding = 4; lastKnownFileType = sourcecode.c.objc; path = XJFlowLayout2.m; sourceTree = "<group>"; };
/* End PBXFileReference section */

/* Begin PBXFrameworksBuildPhase section */
		D4B599B81CE02FF80071D7FC /* Frameworks */ = {
			isa = PBXFrameworksBuildPhase;
			buildActionMask = 2147483647;
			files = (
			);
			runOnlyForDeploymentPostprocessing = 0;
		};
		D4B599D41CE02FF80071D7FC /* Frameworks */ = {
			isa = PBXFrameworksBuildPhase;
			buildActionMask = 2147483647;
			files = (
			);
			runOnlyForDeploymentPostprocessing = 0;
		};
		D4B599DF1CE02FF80071D7FC /* Frameworks */ = {
			isa = PBXFrameworksBuildPhase;
			buildActionMask = 2147483647;
			files = (
			);
			runOnlyForDeploymentPostprocessing = 0;
		};
/* End PBXFrameworksBuildPhase section */

/* Begin PBXGroup section */
		D4B599B21CE02FF80071D7FC = {
			isa = PBXGroup;
			children = (
				D4B599BD1CE02FF80071D7FC /* CollectionViewDemo1 */,
				D4B599DA1CE02FF80071D7FC /* CollectionViewDemo1Tests */,
				D4B599E51CE02FF80071D7FC /* CollectionViewDemo1UITests */,
				D4B599BC1CE02FF80071D7FC /* Products */,
			);
			sourceTree = "<group>";
		};
		D4B599BC1CE02FF80071D7FC /* Products */ = {
			isa = PBXGroup;
			children = (
				D4B599BB1CE02FF80071D7FC /* CollectionViewDemo1.app */,
				D4B599D71CE02FF80071D7FC /* CollectionViewDemo1Tests.xctest */,
				D4B599E21CE02FF80071D7FC /* CollectionViewDemo1UITests.xctest */,
			);
			name = Products;
			sourceTree = "<group>";
		};
		D4B599BD1CE02FF80071D7FC /* CollectionViewDemo1 */ = {
			isa = PBXGroup;
			children = (
				D4B599F41CE0303B0071D7FC /* layout */,
				D4B599C11CE02FF80071D7FC /* AppDelegate.h */,
				D4B599C21CE02FF80071D7FC /* AppDelegate.m */,
				D4B599C41CE02FF80071D7FC /* FirstViewController.h */,
				D4B599C51CE02FF80071D7FC /* FirstViewController.m */,
				D4B599C71CE02FF80071D7FC /* SecondViewController.h */,
				D4B599C81CE02FF80071D7FC /* SecondViewController.m */,
				D4B599CA1CE02FF80071D7FC /* Main.storyboard */,
				D4B599BE1CE02FF80071D7FC /* Supporting Files */,
			);
			path = CollectionViewDemo1;
			sourceTree = "<group>";
		};
		D4B599BE1CE02FF80071D7FC /* Supporting Files */ = {
			isa = PBXGroup;
			children = (
				D4B599CD1CE02FF80071D7FC /* Assets.xcassets */,
				D4B599CF1CE02FF80071D7FC /* LaunchScreen.storyboard */,
				D4B599D21CE02FF80071D7FC /* Info.plist */,
				D4B599BF1CE02FF80071D7FC /* main.m */,
			);
			name = "Supporting Files";
			sourceTree = "<group>";
		};
		D4B599DA1CE02FF80071D7FC /* CollectionViewDemo1Tests */ = {
			isa = PBXGroup;
			children = (
				D4B599DB1CE02FF80071D7FC /* CollectionViewDemo1Tests.m */,
				D4B599DD1CE02FF80071D7FC /* Info.plist */,
			);
			path = CollectionViewDemo1Tests;
			sourceTree = "<group>";
		};
		D4B599E51CE02FF80071D7FC /* CollectionViewDemo1UITests */ = {
			isa = PBXGroup;
			children = (
				D4B599E61CE02FF80071D7FC /* CollectionViewDemo1UITests.m */,
				D4B599E81CE02FF80071D7FC /* Info.plist */,
			);
			path = CollectionViewDemo1UITests;
			sourceTree = "<group>";
		};
		D4B599F41CE0303B0071D7FC /* layout */ = {
			isa = PBXGroup;
			children = (
				D4B599F51CE0306D0071D7FC /* MyCustoumFlowLayout.h */,
				D4B599F61CE0306D0071D7FC /* MyCustoumFlowLayout.m */,
				D4B599F81CE05C4A0071D7FC /* XJFlowLayout.h */,
				D4B599F91CE05C4A0071D7FC /* XJFlowLayout.m */,
				D4B599FB1CE0A0B30071D7FC /* XJFlowLayout2.h */,
				D4B599FC1CE0A0B30071D7FC /* XJFlowLayout2.m */,
			);
			name = layout;
			sourceTree = "<group>";
		};
/* End PBXGroup section */

/* Begin PBXNativeTarget section */
		D4B599BA1CE02FF80071D7FC /* CollectionViewDemo1 */ = {
			isa = PBXNativeTarget;
			buildConfigurationList = D4B599EB1CE02FF80071D7FC /* Build configuration list for PBXNativeTarget "CollectionViewDemo1" */;
			buildPhases = (
				D4B599B71CE02FF80071D7FC /* Sources */,
				D4B599B81CE02FF80071D7FC /* Frameworks */,
				D4B599B91CE02FF80071D7FC /* Resources */,
			);
			buildRules = (
			);
			dependencies = (
			);
			name = CollectionViewDemo1;
			productName = CollectionViewDemo1;
			productReference = D4B599BB1CE02FF80071D7FC /* CollectionViewDemo1.app */;
			productType = "com.apple.product-type.application";
		};
		D4B599D61CE02FF80071D7FC /* CollectionViewDemo1Tests */ = {
			isa = PBXNativeTarget;
			buildConfigurationList = D4B599EE1CE02FF80071D7FC /* Build configuration list for PBXNativeTarget "CollectionViewDemo1Tests" */;
			buildPhases = (
				D4B599D31CE02FF80071D7FC /* Sources */,
				D4B599D41CE02FF80071D7FC /* Frameworks */,
				D4B599D51CE02FF80071D7FC /* Resources */,
			);
			buildRules = (
			);
			dependencies = (
				D4B599D91CE02FF80071D7FC /* PBXTargetDependency */,
			);
			name = CollectionViewDemo1Tests;
			productName = CollectionViewDemo1Tests;
			productReference = D4B599D71CE02FF80071D7FC /* CollectionViewDemo1Tests.xctest */;
			productType = "com.apple.product-type.bundle.unit-test";
		};
		D4B599E11CE02FF80071D7FC /* CollectionViewDemo1UITests */ = {
			isa = PBXNativeTarget;
			buildConfigurationList = D4B599F11CE02FF80071D7FC /* Build configuration list for PBXNativeTarget "CollectionViewDemo1UITests" */;
			buildPhases = (
				D4B599DE1CE02FF80071D7FC /* Sources */,
				D4B599DF1CE02FF80071D7FC /* Frameworks */,
				D4B599E01CE02FF80071D7FC /* Resources */,
			);
			buildRules = (
			);
			dependencies = (
				D4B599E41CE02FF80071D7FC /* PBXTargetDependency */,
			);
			name = CollectionViewDemo1UITests;
			productName = CollectionViewDemo1UITests;
			productReference = D4B599E21CE02FF80071D7FC /* CollectionViewDemo1UITests.xctest */;
			productType = "com.apple.product-type.bundle.ui-testing";
		};
/* End PBXNativeTarget section */

/* Begin PBXProject section */
		D4B599B31CE02FF80071D7FC /* Project object */ = {
			isa = PBXProject;
			attributes = {
				LastUpgradeCheck = 0710;
				ORGANIZATIONNAME = com.shixj;
				TargetAttributes = {
					D4B599BA1CE02FF80071D7FC = {
						CreatedOnToolsVersion = 7.1;
					};
					D4B599D61CE02FF80071D7FC = {
						CreatedOnToolsVersion = 7.1;
						TestTargetID = D4B599BA1CE02FF80071D7FC;
					};
					D4B599E11CE02FF80071D7FC = {
						CreatedOnToolsVersion = 7.1;
						TestTargetID = D4B599BA1CE02FF80071D7FC;
					};
				};
			};
			buildConfigurationList = D4B599B61CE02FF80071D7FC /* Build configuration list for PBXProject "CollectionViewDemo1" */;
			compatibilityVersion = "Xcode 3.2";
			developmentRegion = English;
			hasScannedForEncodings = 0;
			knownRegions = (
				en,
				Base,
			);
			mainGroup = D4B599B21CE02FF80071D7FC;
			productRefGroup = D4B599BC1CE02FF80071D7FC /* Products */;
			projectDirPath = "";
			projectRoot = "";
			targets = (
				D4B599BA1CE02FF80071D7FC /* CollectionViewDemo1 */,
				D4B599D61CE02FF80071D7FC /* CollectionViewDemo1Tests */,
				D4B599E11CE02FF80071D7FC /* CollectionViewDemo1UITests */,
			);
		};
/* End PBXProject section */

/* Begin PBXResourcesBuildPhase section */
		D4B599B91CE02FF80071D7FC /* Resources */ = {
			isa = PBXResourcesBuildPhase;
			buildActionMask = 2147483647;
			files = (
				D4B599D11CE02FF80071D7FC /* LaunchScreen.storyboard in Resources */,
				D4B599CE1CE02FF80071D7FC /* Assets.xcassets in Resources */,
				D4B599CC1CE02FF80071D7FC /* Main.storyboard in Resources */,
			);
			runOnlyForDeploymentPostprocessing = 0;
		};
		D4B599D51CE02FF80071D7FC /* Resources */ = {
			isa = PBXResourcesBuildPhase;
			buildActionMask = 2147483647;
			files = (
			);
			runOnlyForDeploymentPostprocessing = 0;
		};
		D4B599E01CE02FF80071D7FC /* Resources */ = {
			isa = PBXResourcesBuildPhase;
			buildActionMask = 2147483647;
			files = (
			);
			runOnlyForDeploymentPostprocessing = 0;
		};
/* End PBXResourcesBuildPhase section */

/* Begin PBXSourcesBuildPhase section */
		D4B599B71CE02FF80071D7FC /* Sources */ = {
			isa = PBXSourcesBuildPhase;
			buildActionMask = 2147483647;
			files = (
				D4B599C91CE02FF80071D7FC /* SecondViewController.m in Sources */,
				D4B599C31CE02FF80071D7FC /* AppDelegate.m in Sources */,
				D4B599C61CE02FF80071D7FC /* FirstViewController.m in Sources */,
				D4B599C01CE02FF80071D7FC /* main.m in Sources */,
				D4B599F71CE0306D0071D7FC /* MyCustoumFlowLayout.m in Sources */,
				D4B599FA1CE05C4A0071D7FC /* XJFlowLayout.m in Sources */,
				D4B599FD1CE0A0B30071D7FC /* XJFlowLayout2.m in Sources */,
			);
			runOnlyForDeploymentPostprocessing = 0;
		};
		D4B599D31CE02FF80071D7FC /* Sources */ = {
			isa = PBXSourcesBuildPhase;
			buildActionMask = 2147483647;
			files = (
				D4B599DC1CE02FF80071D7FC /* CollectionViewDemo1Tests.m in Sources */,
			);
			runOnlyForDeploymentPostprocessing = 0;
		};
		D4B599DE1CE02FF80071D7FC /* Sources */ = {
			isa = PBXSourcesBuildPhase;
			buildActionMask = 2147483647;
			files = (
				D4B599E71CE02FF80071D7FC /* CollectionViewDemo1UITests.m in Sources */,
			);
			runOnlyForDeploymentPostprocessing = 0;
		};
/* End PBXSourcesBuildPhase section */

/* Begin PBXTargetDependency section */
		D4B599D91CE02FF80071D7FC /* PBXTargetDependency */ = {
			isa = PBXTargetDependency;
			target = D4B599BA1CE02FF80071D7FC /* CollectionViewDemo1 */;
			targetProxy = D4B599D81CE02FF80071D7FC /* PBXContainerItemProxy */;
		};
		D4B599E41CE02FF80071D7FC /* PBXTargetDependency */ = {
			isa = PBXTargetDependency;
			target = D4B599BA1CE02FF80071D7FC /* CollectionViewDemo1 */;
			targetProxy = D4B599E31CE02FF80071D7FC /* PBXContainerItemProxy */;
		};
/* End PBXTargetDependency section */

/* Begin PBXVariantGroup section */
		D4B599CA1CE02FF80071D7FC /* Main.storyboard */ = {
			isa = PBXVariantGroup;
			children = (
				D4B599CB1CE02FF80071D7FC /* Base */,
			);
			name = Main.storyboard;
			sourceTree = "<group>";
		};
		D4B599CF1CE02FF80071D7FC /* LaunchScreen.storyboard */ = {
			isa = PBXVariantGroup;
			children = (
				D4B599D01CE02FF80071D7FC /* Base */,
			);
			name = LaunchScreen.storyboard;
			sourceTree = "<group>";
		};
/* End PBXVariantGroup section */

/* Begin XCBuildConfiguration section */
		D4B599E91CE02FF80071D7FC /* Debug */ = {
			isa = XCBuildConfiguration;
			buildSettings = {
				ALWAYS_SEARCH_USER_PATHS = NO;
				CLANG_CXX_LANGUAGE_STANDARD = "gnu++0x";
				CLANG_CXX_LIBRARY = "libc++";
				CLANG_ENABLE_MODULES = YES;
				CLANG_ENABLE_OBJC_ARC = YES;
				CLANG_WARN_BOOL_CONVERSION = YES;
				CLANG_WARN_CONSTANT_CONVERSION = YES;
				CLANG_WARN_DIRECT_OBJC_ISA_USAGE = YES_ERROR;
				CLANG_WARN_EMPTY_BODY = YES;
				CLANG_WARN_ENUM_CONVERSION = YES;
				CLANG_WARN_INT_CONVERSION = YES;
				CLANG_WARN_OBJC_ROOT_CLASS = YES_ERROR;
				CLANG_WARN_UNREACHABLE_CODE = YES;
				CLANG_WARN__DUPLICATE_METHOD_MATCH = YES;
				"CODE_SIGN_IDENTITY[sdk=iphoneos*]" = "iPhone Developer";
				COPY_PHASE_STRIP = NO;
				DEBUG_INFORMATION_FORMAT = dwarf;
				ENABLE_STRICT_OBJC_MSGSEND = YES;
				ENABLE_TESTABILITY = YES;
				GCC_C_LANGUAGE_STANDARD = gnu99;
				GCC_DYNAMIC_NO_PIC = NO;
				GCC_NO_COMMON_BLOCKS = YES;
				GCC_OPTIMIZATION_LEVEL = 0;
				GCC_PREPROCESSOR_DEFINITIONS = (
					"DEBUG=1",
					"$(inherited)",
				);
				GCC_WARN_64_TO_32_BIT_CONVERSION = YES;
				GCC_WARN_ABOUT_RETURN_TYPE = YES_ERROR;
				GCC_WARN_UNDECLARED_SELECTOR = YES;
				GCC_WARN_UNINITIALIZED_AUTOS = YES_AGGRESSIVE;
				GCC_WARN_UNUSED_FUNCTION = YES;
				GCC_WARN_UNUSED_VARIABLE = YES;
				IPHONEOS_DEPLOYMENT_TARGET = 9.1;
				MTL_ENABLE_DEBUG_INFO = YES;
				ONLY_ACTIVE_ARCH = YES;
				SDKROOT = iphoneos;
			};
			name = Debug;
		};
		D4B599EA1CE02FF80071D7FC /* Release */ = {
			isa = XCBuildConfiguration;
			buildSettings = {
				ALWAYS_SEARCH_USER_PATHS = NO;
				CLANG_CXX_LANGUAGE_STANDARD = "gnu++0x";
				CLANG_CXX_LIBRARY = "libc++";
				CLANG_ENABLE_MODULES = YES;
				CLANG_ENABLE_OBJC_ARC = YES;
				CLANG_WARN_BOOL_CONVERSION = YES;
				CLANG_WARN_CONSTANT_CONVERSION = YES;
				CLANG_WARN_DIRECT_OBJC_ISA_USAGE = YES_ERROR;
				CLANG_WARN_EMPTY_BODY = YES;
				CLANG_WARN_ENUM_CONVERSION = YES;
				CLANG_WARN_INT_CONVERSION = YES;
				CLANG_WARN_OBJC_ROOT_CLASS = YES_ERROR;
				CLANG_WARN_UNREACHABLE_CODE = YES;
				CLANG_WARN__DUPLICATE_METHOD_MATCH = YES;
				"CODE_SIGN_IDENTITY[sdk=iphoneos*]" = "iPhone Developer";
				COPY_PHASE_STRIP = NO;
				DEBUG_INFORMATION_FORMAT = "dwarf-with-dsym";
				ENABLE_NS_ASSERTIONS = NO;
				ENABLE_STRICT_OBJC_MSGSEND = YES;
				GCC_C_LANGUAGE_STANDARD = gnu99;
				GCC_NO_COMMON_BLOCKS = YES;
				GCC_WARN_64_TO_32_BIT_CONVERSION = YES;
				GCC_WARN_ABOUT_RETURN_TYPE = YES_ERROR;
				GCC_WARN_UNDECLARED_SELECTOR = YES;
				GCC_WARN_UNINITIALIZED_AUTOS = YES_AGGRESSIVE;
				GCC_WARN_UNUSED_FUNCTION = YES;
				GCC_WARN_UNUSED_VARIABLE = YES;
				IPHONEOS_DEPLOYMENT_TARGET = 9.1;
				MTL_ENABLE_DEBUG_INFO = NO;
				SDKROOT = iphoneos;
				VALIDATE_PRODUCT = YES;
			};
			name = Release;
		};
		D4B599EC1CE02FF80071D7FC /* Debug */ = {
			isa = XCBuildConfiguration;
			buildSettings = {
				ASSETCATALOG_COMPILER_APPICON_NAME = AppIcon;
				INFOPLIST_FILE = CollectionViewDemo1/Info.plist;
				LD_RUNPATH_SEARCH_PATHS = "$(inherited) @executable_path/Frameworks";
				PRODUCT_BUNDLE_IDENTIFIER = cn.asiainfo.linkage.ios.CollectionViewDemo1;
				PRODUCT_NAME = "$(TARGET_NAME)";
			};
			name = Debug;
		};
		D4B599ED1CE02FF80071D7FC /* Release */ = {
			isa = XCBuildConfiguration;
			buildSettings = {
				ASSETCATALOG_COMPILER_APPICON_NAME = AppIcon;
				INFOPLIST_FILE = CollectionViewDemo1/Info.plist;
				LD_RUNPATH_SEARCH_PATHS = "$(inherited) @executable_path/Frameworks";
				PRODUCT_BUNDLE_IDENTIFIER = cn.asiainfo.linkage.ios.CollectionViewDemo1;
				PRODUCT_NAME = "$(TARGET_NAME)";
			};
			name = Release;
		};
		D4B599EF1CE02FF80071D7FC /* Debug */ = {
			isa = XCBuildConfiguration;
			buildSettings = {
				BUNDLE_LOADER = "$(TEST_HOST)";
				INFOPLIST_FILE = CollectionViewDemo1Tests/Info.plist;
				LD_RUNPATH_SEARCH_PATHS = "$(inherited) @executable_path/Frameworks @loader_path/Frameworks";
				PRODUCT_BUNDLE_IDENTIFIER = cn.asiainfo.linkage.ios.CollectionViewDemo1Tests;
				PRODUCT_NAME = "$(TARGET_NAME)";
				TEST_HOST = "$(BUILT_PRODUCTS_DIR)/CollectionViewDemo1.app/CollectionViewDemo1";
			};
			name = Debug;
		};
		D4B599F01CE02FF80071D7FC /* Release */ = {
			isa = XCBuildConfiguration;
			buildSettings = {
				BUNDLE_LOADER = "$(TEST_HOST)";
				INFOPLIST_FILE = CollectionViewDemo1Tests/Info.plist;
				LD_RUNPATH_SEARCH_PATHS = "$(inherited) @executable_path/Frameworks @loader_path/Frameworks";
				PRODUCT_BUNDLE_IDENTIFIER = cn.asiainfo.linkage.ios.CollectionViewDemo1Tests;
				PRODUCT_NAME = "$(TARGET_NAME)";
				TEST_HOST = "$(BUILT_PRODUCTS_DIR)/CollectionViewDemo1.app/CollectionViewDemo1";
			};
			name = Release;
		};
		D4B599F21CE02FF80071D7FC /* Debug */ = {
			isa = XCBuildConfiguration;
			buildSettings = {
				INFOPLIST_FILE = CollectionViewDemo1UITests/Info.plist;
				LD_RUNPATH_SEARCH_PATHS = "$(inherited) @executable_path/Frameworks @loader_path/Frameworks";
				PRODUCT_BUNDLE_IDENTIFIER = cn.asiainfo.linkage.ios.CollectionViewDemo1UITests;
				PRODUCT_NAME = "$(TARGET_NAME)";
				TEST_TARGET_NAME = CollectionViewDemo1;
				USES_XCTRUNNER = YES;
			};
			name = Debug;
		};
		D4B599F31CE02FF80071D7FC /* Release */ = {
			isa = XCBuildConfiguration;
			buildSettings = {
				INFOPLIST_FILE = CollectionViewDemo1UITests/Info.plist;
				LD_RUNPATH_SEARCH_PATHS = "$(inherited) @executable_path/Frameworks @loader_path/Frameworks";
				PRODUCT_BUNDLE_IDENTIFIER = cn.asiainfo.linkage.ios.CollectionViewDemo1UITests;
				PRODUCT_NAME = "$(TARGET_NAME)";
				TEST_TARGET_NAME = CollectionViewDemo1;
				USES_XCTRUNNER = YES;
			};
			name = Release;
		};
/* End XCBuildConfiguration section */

/* Begin XCConfigurationList section */
		D4B599B61CE02FF80071D7FC /* Build configuration list for PBXProject "CollectionViewDemo1" */ = {
			isa = XCConfigurationList;
			buildConfigurations = (
				D4B599E91CE02FF80071D7FC /* Debug */,
				D4B599EA1CE02FF80071D7FC /* Release */,
			);
			defaultConfigurationIsVisible = 0;
			defaultConfigurationName = Release;
		};
		D4B599EB1CE02FF80071D7FC /* Build configuration list for PBXNativeTarget "CollectionViewDemo1" */ = {
			isa = XCConfigurationList;
			buildConfigurations = (
				D4B599EC1CE02FF80071D7FC /* Debug */,
				D4B599ED1CE02FF80071D7FC /* Release */,
			);
			defaultConfigurationIsVisible = 0;
		};
		D4B599EE1CE02FF80071D7FC /* Build configuration list for PBXNativeTarget "CollectionViewDemo1Tests" */ = {
			isa = XCConfigurationList;
			buildConfigurations = (
				D4B599EF1CE02FF80071D7FC /* Debug */,
				D4B599F01CE02FF80071D7FC /* Release */,
			);
			defaultConfigurationIsVisible = 0;
		};
		D4B599F11CE02FF80071D7FC /* Build configuration list for PBXNativeTarget "CollectionViewDemo1UITests" */ = {
			isa = XCConfigurationList;
			buildConfigurations = (
				D4B599F21CE02FF80071D7FC /* Debug */,
				D4B599F31CE02FF80071D7FC /* Release */,
			);
			defaultConfigurationIsVisible = 0;
		};
/* End XCConfigurationList section */
	};
	rootObject = D4B599B31CE02FF80071D7FC /* Project object */;
}
